
Microsoft Visual Studio Solution File, Format Version 12.00
# Visual Studio 15
VisualStudioVersion = 15.0.27130.2010
MinimumVisualStudioVersion = 10.0.40219.1
Project("{FAE04EC0-301F-11D3-BF4B-00C04F79EFBC}") = "Weixin.Next", "Weixin.Next\Weixin.Next.csproj", "{2F76E82A-704F-472B-BD6B-AC2355303A9D}"
EndProject
Project("{FAE04EC0-301F-11D3-BF4B-00C04F79EFBC}") = "Weixin.Next.Json.Net", "Weixin.Next.Json.Net\Weixin.Next.Json.Net.csproj", "{FCA8F30D-579A-4E66-BE4B-DE49A0B7F833}"
EndProject
Project("{FAE04EC0-301F-11D3-BF4B-00C04F79EFBC}") = "Weixin.Next.Sample", "Weixin.Next.Sample\Weixin.Next.Sample.csproj", "{D7AFE46D-EA34-41C9-8C6E-A4F33377A149}"
EndProject
Global
	GlobalSection(SolutionConfigurationPlatforms) = preSolution
		Debug|Any CPU = Debug|Any CPU
		Release|Any CPU = Release|Any CPU
	EndGlobalSection
	GlobalSection(ProjectConfigurationPlatforms) = postSolution
		{2F76E82A-704F-472B-BD6B-AC2355303A9D}.Debug|Any CPU.ActiveCfg = Debug|Any CPU
		{2F76E82A-704F-472B-BD6B-AC2355303A9D}.Debug|Any CPU.Build.0 = Debug|Any CPU
		{2F76E82A-704F-472B-BD6B-AC2355303A9D}.Release|Any CPU.ActiveCfg = Release|Any CPU
		{2F76E82A-704F-472B-BD6B-AC2355303A9D}.Release|Any CPU.Build.0 = Release|Any CPU
		{FCA8F30D-579A-4E66-BE4B-DE49A0B7F833}.Debug|Any CPU.ActiveCfg = Debug|Any CPU
		{FCA8F30D-579A-4E66-BE4B-DE49A0B7F833}.Debug|Any CPU.Build.0 = Debug|Any CPU
		{FCA8F30D-579A-4E66-BE4B-DE49A0B7F833}.Release|Any CPU.ActiveCfg = Release|Any CPU
		{FCA8F30D-579A-4E66-BE4B-DE49A0B7F833}.Release|Any CPU.Build.0 = Release|Any CPU
		{D7AFE46D-EA34-41C9-8C6E-A4F33377A149}.Debug|Any CPU.ActiveCfg = Debug|Any CPU
		{D7AFE46D-EA34-41C9-8C6E-A4F33377A149}.Debug|Any CPU.Build.0 = Debug|Any CPU
		{D7AFE46D-EA34-41C9-8C6E-A4F33377A149}.Release|Any CPU.ActiveCfg = Release|Any CPU
		{D7AFE46D-EA34-41C9-8C6E-A4F33377A149}.Release|Any CPU.Build.0 = Release|Any CPU
	EndGlobalSection
	GlobalSection(SolutionProperties) = preSolution
		HideSolutionNode = FALSE
	EndGlobalSection
	GlobalSection(ExtensibilityGlobals) = postSolution
		SolutionGuid = {387987F6-7A50-47BC-BE49-EB0A753CE35A}
	EndGlobalSection
EndGlobal
